<?xml version="1.0" encoding="UTF-8"?>
<CodeBlocks_project_file>
	<FileVersion major="1" minor="6"/>
	<Project>
		<Option title="TestApp"/>
		<Option makefile_is_custom="1"/>
		<Option compiler="gcc"/>
		<Option virtualFolders="CMake Files\;CMake Files\cspice\;CMake Files\nrlmsise-00\;CMake Files\tudatExampleApplications\;CMake Files\tudatExampleApplications\satellitePropagatorExamples\;CMake Files\tudatExampleApplications\satellitePropagatorExamples\SatellitePropagatorExamples\;CMake Files\tudatExampleApplications\templateApplication\;CMake Files\tudatExampleApplications\templateApplication\TemplateApplication\;CMake Files\external\;CMake Files\external\CMake\;CMake Files\tudat\;CMake Files\tudat\Tudat\;CMake Files\tudat\Tudat\External\;CMake Files\tudat\Tudat\External\CMake\;CMake Files\tudat\Tudat\External\SofaInterface\;CMake Files\tudat\Tudat\External\SpiceInterface\;CMake Files\tudat\Tudat\Astrodynamics\;CMake Files\tudat\Tudat\Astrodynamics\Aerodynamics\;CMake Files\tudat\Tudat\Astrodynamics\BasicAstrodynamics\;CMake Files\tudat\Tudat\Astrodynamics\ElectroMagnetism\;CMake Files\tudat\Tudat\Astrodynamics\Ephemerides\;CMake Files\tudat\Tudat\Astrodynamics\Gravitation\;CMake Files\tudat\Tudat\Astrodynamics\MissionSegments\;CMake Files\tudat\Tudat\Astrodynamics\ReferenceFrames\;CMake Files\tudat\Tudat\Astrodynamics\ObservationModels\;CMake Files\tudat\Tudat\Astrodynamics\OrbitDetermination\;CMake Files\tudat\Tudat\Astrodynamics\OrbitDetermination\AccelerationPartials\;CMake Files\tudat\Tudat\Astrodynamics\OrbitDetermination\RotationalDynamicsPartials\;CMake Files\tudat\Tudat\Astrodynamics\OrbitDetermination\EstimatableParameters\;CMake Files\tudat\Tudat\Astrodynamics\OrbitDetermination\ObservationPartials\;CMake Files\tudat\Tudat\Astrodynamics\Propagators\;CMake Files\tudat\Tudat\Astrodynamics\Relativity\;CMake Files\tudat\Tudat\Astrodynamics\SystemModels\;CMake Files\tudat\Tudat\Astrodynamics\TrajectoryDesign\;CMake Files\tudat\Tudat\Astrodynamics\Propulsion\;CMake Files\tudat\Tudat\Astrodynamics\GroundStations\;CMake Files\tudat\Tudat\Astrodynamics\EarthOrientation\;CMake Files\tudat\Tudat\Basics\;CMake Files\tudat\Tudat\InputOutput\;CMake Files\tudat\Tudat\Mathematics\;CMake Files\tudat\Tudat\Mathematics\BasicMathematics\;CMake Files\tudat\Tudat\Mathematics\GeometricShapes\;CMake Files\tudat\Tudat\Mathematics\Interpolators\;CMake Files\tudat\Tudat\Mathematics\NumericalIntegrators\;CMake Files\tudat\Tudat\Mathematics\RootFinders\;CMake Files\tudat\Tudat\Mathematics\Statistics\;CMake Files\tudat\Tudat\Mathematics\NumericalQuadrature\;CMake Files\tudat\Tudat\SimulationSetup\;CMake Files\tudat\Tudat\SimulationSetup\EstimationSetup\;CMake Files\tudat\Tudat\SimulationSetup\EnvironmentSetup\;CMake Files\tudat\Tudat\SimulationSetup\PropagationSetup\;CMake Files\tudat\Tudat\JsonInterface\;CMake Files\sofa\;CMake Files\sofa\src\;CMake Files\tudatApplications\;CMake Files\tudatApplications\TestApp\;CMake Files\..\;CMake Files\..\build1\;CMake Files\..\build1\json\;CMake Files\json\;CMake Files\json\cmake\;"/>
		<Build>
			<Target title="all">
				<Option working_dir="D:/TUDAT/build1/tudatApplications/TestApp"/>
				<Option type="4"/>
				<MakeCommands>
					<Build command="D:/Qt/Tools/mingw730_64/bin/mingw32-make.exe -f &quot;D:/TUDAT/build1/tudatApplications/TestApp/Makefile&quot;  VERBOSE=1 all"/>
					<CompileFile command="D:/Qt/Tools/mingw730_64/bin/mingw32-make.exe -f &quot;D:/TUDAT/build1/tudatApplications/TestApp/Makefile&quot;  VERBOSE=1 &quot;$file&quot;"/>
					<Clean command="D:/Qt/Tools/mingw730_64/bin/mingw32-make.exe -f &quot;D:/TUDAT/build1/tudatApplications/TestApp/Makefile&quot;  VERBOSE=1 clean"/>
					<DistClean command="D:/Qt/Tools/mingw730_64/bin/mingw32-make.exe -f &quot;D:/TUDAT/build1/tudatApplications/TestApp/Makefile&quot;  VERBOSE=1 clean"/>
				</MakeCommands>
			</Target>
			<Target title="application_TestApp">
				<Option output="D:/TUDAT/tudatBundle/tudatApplications/bin/applications/application_TestApp.exe" prefix_auto="0" extension_auto="0"/>
				<Option working_dir="D:/TUDAT/build1/tudatApplications/TestApp"/>
				<Option object_output="./"/>
				<Option type="1"/>
				<Option compiler="gcc"/>
				<Compiler>
					<Add option="-DBUILD_WITH_ESTIMATION_TOOLS=1"/>
					<Add option="-DTUDAT_RELATIVE_PROJECT_PATH=&quot;/tudat/Tudat&quot;"/>
					<Add option="-DUSE_NRLMSISE00=1"/>
					<Add option="-DUSE_CSPICE=1"/>
					<Add directory="D:/TUDAT/tudatBundle/tudatApplications/TestApp/.."/>
					<Add directory="D:/TUDAT/tudatBundle/json/src"/>
					<Add directory="D:/TUDAT/tudatBundle/tudatApplications/TestApp/AFTER"/>
					<Add directory="D:/TUDAT/tudatBundle/eigen"/>
					<Add directory="D:/TUDAT/tudatBundle/boost"/>
					<Add directory="D:/TUDAT/tudatBundle/tudat/Tudat/.."/>
					<Add directory="D:/TUDAT/tudatBundle/cspice/include/../.."/>
					<Add directory="D:/TUDAT/tudatBundle/nrlmsise-00"/>
					<Add directory="D:/Qt/Tools/mingw730_64/bin/../lib/gcc/x86_64-w64-mingw32/7.3.0/include/c++"/>
					<Add directory="D:/Qt/Tools/mingw730_64/bin/../lib/gcc/x86_64-w64-mingw32/7.3.0/include/c++/x86_64-w64-mingw32"/>
					<Add directory="D:/Qt/Tools/mingw730_64/bin/../lib/gcc/x86_64-w64-mingw32/7.3.0/include/c++/backward"/>
					<Add directory="D:/Qt/Tools/mingw730_64/bin/../lib/gcc/x86_64-w64-mingw32/7.3.0/include"/>
					<Add directory="D:/Qt/Tools/mingw730_64/bin/../lib/gcc/x86_64-w64-mingw32/7.3.0/include-fixed"/>
					<Add directory="D:/Qt/Tools/mingw730_64/bin/../lib/gcc/x86_64-w64-mingw32/7.3.0/../../../../x86_64-w64-mingw32/include"/>
				</Compiler>
				<MakeCommands>
					<Build command="D:/Qt/Tools/mingw730_64/bin/mingw32-make.exe -f &quot;D:/TUDAT/build1/tudatApplications/TestApp/Makefile&quot;  VERBOSE=1 application_TestApp"/>
					<CompileFile command="D:/Qt/Tools/mingw730_64/bin/mingw32-make.exe -f &quot;D:/TUDAT/build1/tudatApplications/TestApp/Makefile&quot;  VERBOSE=1 &quot;$file&quot;"/>
					<Clean command="D:/Qt/Tools/mingw730_64/bin/mingw32-make.exe -f &quot;D:/TUDAT/build1/tudatApplications/TestApp/Makefile&quot;  VERBOSE=1 clean"/>
					<DistClean command="D:/Qt/Tools/mingw730_64/bin/mingw32-make.exe -f &quot;D:/TUDAT/build1/tudatApplications/TestApp/Makefile&quot;  VERBOSE=1 clean"/>
				</MakeCommands>
			</Target>
			<Target title="application_TestApp/fast">
				<Option output="D:/TUDAT/tudatBundle/tudatApplications/bin/applications/application_TestApp.exe" prefix_auto="0" extension_auto="0"/>
				<Option working_dir="D:/TUDAT/build1/tudatApplications/TestApp"/>
				<Option object_output="./"/>
				<Option type="1"/>
				<Option compiler="gcc"/>
				<Compiler>
					<Add option="-DBUILD_WITH_ESTIMATION_TOOLS=1"/>
					<Add option="-DTUDAT_RELATIVE_PROJECT_PATH=&quot;/tudat/Tudat&quot;"/>
					<Add option="-DUSE_NRLMSISE00=1"/>
					<Add option="-DUSE_CSPICE=1"/>
					<Add directory="D:/TUDAT/tudatBundle/tudatApplications/TestApp/.."/>
					<Add directory="D:/TUDAT/tudatBundle/json/src"/>
					<Add directory="D:/TUDAT/tudatBundle/tudatApplications/TestApp/AFTER"/>
					<Add directory="D:/TUDAT/tudatBundle/eigen"/>
					<Add directory="D:/TUDAT/tudatBundle/boost"/>
					<Add directory="D:/TUDAT/tudatBundle/tudat/Tudat/.."/>
					<Add directory="D:/TUDAT/tudatBundle/cspice/include/../.."/>
					<Add directory="D:/TUDAT/tudatBundle/nrlmsise-00"/>
					<Add directory="D:/Qt/Tools/mingw730_64/bin/../lib/gcc/x86_64-w64-mingw32/7.3.0/include/c++"/>
					<Add directory="D:/Qt/Tools/mingw730_64/bin/../lib/gcc/x86_64-w64-mingw32/7.3.0/include/c++/x86_64-w64-mingw32"/>
					<Add directory="D:/Qt/Tools/mingw730_64/bin/../lib/gcc/x86_64-w64-mingw32/7.3.0/include/c++/backward"/>
					<Add directory="D:/Qt/Tools/mingw730_64/bin/../lib/gcc/x86_64-w64-mingw32/7.3.0/include"/>
					<Add directory="D:/Qt/Tools/mingw730_64/bin/../lib/gcc/x86_64-w64-mingw32/7.3.0/include-fixed"/>
					<Add directory="D:/Qt/Tools/mingw730_64/bin/../lib/gcc/x86_64-w64-mingw32/7.3.0/../../../../x86_64-w64-mingw32/include"/>
				</Compiler>
				<MakeCommands>
					<Build command="D:/Qt/Tools/mingw730_64/bin/mingw32-make.exe -f &quot;D:/TUDAT/build1/tudatApplications/TestApp/Makefile&quot;  VERBOSE=1 application_TestApp/fast"/>
					<CompileFile command="D:/Qt/Tools/mingw730_64/bin/mingw32-make.exe -f &quot;D:/TUDAT/build1/tudatApplications/TestApp/Makefile&quot;  VERBOSE=1 &quot;$file&quot;"/>
					<Clean command="D:/Qt/Tools/mingw730_64/bin/mingw32-make.exe -f &quot;D:/TUDAT/build1/tudatApplications/TestApp/Makefile&quot;  VERBOSE=1 clean"/>
					<DistClean command="D:/Qt/Tools/mingw730_64/bin/mingw32-make.exe -f &quot;D:/TUDAT/build1/tudatApplications/TestApp/Makefile&quot;  VERBOSE=1 clean"/>
				</MakeCommands>
			</Target>
		</Build>
		<Unit filename="D:/TUDAT/tudatBundle/tudatApplications/TestApp/TestApp.cpp">
			<Option target="application_TestApp"/>
		</Unit>
		<Unit filename="D:/TUDAT/tudatBundle/CMakeLists.txt">
			<Option virtualFolder="CMake Files\"/>
		</Unit>
		<Unit filename="D:/TUDAT/tudatBundle/cspice/CMakeLists.txt">
			<Option virtualFolder="CMake Files\cspice\"/>
		</Unit>
		<Unit filename="D:/TUDAT/tudatBundle/nrlmsise-00/CMakeLists.txt">
			<Option virtualFolder="CMake Files\nrlmsise-00\"/>
		</Unit>
		<Unit filename="D:/TUDAT/tudatBundle/tudatExampleApplications/satellitePropagatorExamples/SatellitePropagatorExamples/CMakeLists.txt">
			<Option virtualFolder="CMake Files\tudatExampleApplications\satellitePropagatorExamples\SatellitePropagatorExamples\"/>
		</Unit>
		<Unit filename="D:/TUDAT/tudatBundle/tudatExampleApplications/templateApplication/TemplateApplication/CMakeLists.txt">
			<Option virtualFolder="CMake Files\tudatExampleApplications\templateApplication\TemplateApplication\"/>
		</Unit>
		<Unit filename="D:/TUDAT/tudatBundle/external/CMake/FindEigen3.cmake">
			<Option virtualFolder="CMake Files\external\CMake\"/>
		</Unit>
		<Unit filename="D:/TUDAT/tudatBundle/external/CMake/FindNRLMSISE00.cmake">
			<Option virtualFolder="CMake Files\external\CMake\"/>
		</Unit>
		<Unit filename="D:/TUDAT/tudatBundle/external/CMake/FindSofa.cmake">
			<Option virtualFolder="CMake Files\external\CMake\"/>
		</Unit>
		<Unit filename="D:/TUDAT/tudatBundle/external/CMake/FindSpice.cmake">
			<Option virtualFolder="CMake Files\external\CMake\"/>
		</Unit>
		<Unit filename="D:/TUDAT/tudatBundle/external/CMake/FindTudat.cmake">
			<Option virtualFolder="CMake Files\external\CMake\"/>
		</Unit>
		<Unit filename="D:/TUDAT/tudatBundle/external/CMake/add_boost.cmake">
			<Option virtualFolder="CMake Files\external\CMake\"/>
		</Unit>
		<Unit filename="D:/TUDAT/tudatBundle/external/CMake/compiler.cmake">
			<Option virtualFolder="CMake Files\external\CMake\"/>
		</Unit>
		<Unit filename="D:/TUDAT/tudatBundle/tudat/Tudat/CMakeLists.txt">
			<Option virtualFolder="CMake Files\tudat\Tudat\"/>
		</Unit>
		<Unit filename="D:/TUDAT/tudatBundle/tudat/Tudat/External/CMakeLists.txt">
			<Option virtualFolder="CMake Files\tudat\Tudat\External\"/>
		</Unit>
		<Unit filename="D:/TUDAT/tudatBundle/tudat/Tudat/External/CMake/tudatLinkLibraries.cmake">
			<Option virtualFolder="CMake Files\tudat\Tudat\External\CMake\"/>
		</Unit>
		<Unit filename="D:/TUDAT/tudatBundle/tudat/Tudat/External/SofaInterface/CMakeLists.txt">
			<Option virtualFolder="CMake Files\tudat\Tudat\External\SofaInterface\"/>
		</Unit>
		<Unit filename="D:/TUDAT/tudatBundle/tudat/Tudat/External/SpiceInterface/CMakeLists.txt">
			<Option virtualFolder="CMake Files\tudat\Tudat\External\SpiceInterface\"/>
		</Unit>
		<Unit filename="D:/TUDAT/tudatBundle/tudat/Tudat/Astrodynamics/CMakeLists.txt">
			<Option virtualFolder="CMake Files\tudat\Tudat\Astrodynamics\"/>
		</Unit>
		<Unit filename="D:/TUDAT/tudatBundle/tudat/Tudat/Astrodynamics/Aerodynamics/CMakeLists.txt">
			<Option virtualFolder="CMake Files\tudat\Tudat\Astrodynamics\Aerodynamics\"/>
		</Unit>
		<Unit filename="D:/TUDAT/tudatBundle/tudat/Tudat/Astrodynamics/BasicAstrodynamics/CMakeLists.txt">
			<Option virtualFolder="CMake Files\tudat\Tudat\Astrodynamics\BasicAstrodynamics\"/>
		</Unit>
		<Unit filename="D:/TUDAT/tudatBundle/tudat/Tudat/Astrodynamics/ElectroMagnetism/CMakeLists.txt">
			<Option virtualFolder="CMake Files\tudat\Tudat\Astrodynamics\ElectroMagnetism\"/>
		</Unit>
		<Unit filename="D:/TUDAT/tudatBundle/tudat/Tudat/Astrodynamics/Ephemerides/CMakeLists.txt">
			<Option virtualFolder="CMake Files\tudat\Tudat\Astrodynamics\Ephemerides\"/>
		</Unit>
		<Unit filename="D:/TUDAT/tudatBundle/tudat/Tudat/Astrodynamics/Gravitation/CMakeLists.txt">
			<Option virtualFolder="CMake Files\tudat\Tudat\Astrodynamics\Gravitation\"/>
		</Unit>
		<Unit filename="D:/TUDAT/tudatBundle/tudat/Tudat/Astrodynamics/MissionSegments/CMakeLists.txt">
			<Option virtualFolder="CMake Files\tudat\Tudat\Astrodynamics\MissionSegments\"/>
		</Unit>
		<Unit filename="D:/TUDAT/tudatBundle/tudat/Tudat/Astrodynamics/ReferenceFrames/CMakeLists.txt">
			<Option virtualFolder="CMake Files\tudat\Tudat\Astrodynamics\ReferenceFrames\"/>
		</Unit>
		<Unit filename="D:/TUDAT/tudatBundle/tudat/Tudat/Astrodynamics/ObservationModels/CMakeLists.txt">
			<Option virtualFolder="CMake Files\tudat\Tudat\Astrodynamics\ObservationModels\"/>
		</Unit>
		<Unit filename="D:/TUDAT/tudatBundle/tudat/Tudat/Astrodynamics/OrbitDetermination/CMakeLists.txt">
			<Option virtualFolder="CMake Files\tudat\Tudat\Astrodynamics\OrbitDetermination\"/>
		</Unit>
		<Unit filename="D:/TUDAT/tudatBundle/tudat/Tudat/Astrodynamics/OrbitDetermination/AccelerationPartials/CMakeLists.txt">
			<Option virtualFolder="CMake Files\tudat\Tudat\Astrodynamics\OrbitDetermination\AccelerationPartials\"/>
		</Unit>
		<Unit filename="D:/TUDAT/tudatBundle/tudat/Tudat/Astrodynamics/OrbitDetermination/RotationalDynamicsPartials/CMakeLists.txt">
			<Option virtualFolder="CMake Files\tudat\Tudat\Astrodynamics\OrbitDetermination\RotationalDynamicsPartials\"/>
		</Unit>
		<Unit filename="D:/TUDAT/tudatBundle/tudat/Tudat/Astrodynamics/OrbitDetermination/EstimatableParameters/CMakeLists.txt">
			<Option virtualFolder="CMake Files\tudat\Tudat\Astrodynamics\OrbitDetermination\EstimatableParameters\"/>
		</Unit>
		<Unit filename="D:/TUDAT/tudatBundle/tudat/Tudat/Astrodynamics/OrbitDetermination/ObservationPartials/CMakeLists.txt">
			<Option virtualFolder="CMake Files\tudat\Tudat\Astrodynamics\OrbitDetermination\ObservationPartials\"/>
		</Unit>
		<Unit filename="D:/TUDAT/tudatBundle/tudat/Tudat/Astrodynamics/Propagators/CMakeLists.txt">
			<Option virtualFolder="CMake Files\tudat\Tudat\Astrodynamics\Propagators\"/>
		</Unit>
		<Unit filename="D:/TUDAT/tudatBundle/tudat/Tudat/Astrodynamics/Relativity/CMakeLists.txt">
			<Option virtualFolder="CMake Files\tudat\Tudat\Astrodynamics\Relativity\"/>
		</Unit>
		<Unit filename="D:/TUDAT/tudatBundle/tudat/Tudat/Astrodynamics/SystemModels/CMakeLists.txt">
			<Option virtualFolder="CMake Files\tudat\Tudat\Astrodynamics\SystemModels\"/>
		</Unit>
		<Unit filename="D:/TUDAT/tudatBundle/tudat/Tudat/Astrodynamics/TrajectoryDesign/CMakeLists.txt">
			<Option virtualFolder="CMake Files\tudat\Tudat\Astrodynamics\TrajectoryDesign\"/>
		</Unit>
		<Unit filename="D:/TUDAT/tudatBundle/tudat/Tudat/Astrodynamics/Propulsion/CMakeLists.txt">
			<Option virtualFolder="CMake Files\tudat\Tudat\Astrodynamics\Propulsion\"/>
		</Unit>
		<Unit filename="D:/TUDAT/tudatBundle/tudat/Tudat/Astrodynamics/GroundStations/CMakeLists.txt">
			<Option virtualFolder="CMake Files\tudat\Tudat\Astrodynamics\GroundStations\"/>
		</Unit>
		<Unit filename="D:/TUDAT/tudatBundle/tudat/Tudat/Astrodynamics/EarthOrientation/CMakeLists.txt">
			<Option virtualFolder="CMake Files\tudat\Tudat\Astrodynamics\EarthOrientation\"/>
		</Unit>
		<Unit filename="D:/TUDAT/tudatBundle/tudat/Tudat/Basics/CMakeLists.txt">
			<Option virtualFolder="CMake Files\tudat\Tudat\Basics\"/>
		</Unit>
		<Unit filename="D:/TUDAT/tudatBundle/tudat/Tudat/InputOutput/CMakeLists.txt">
			<Option virtualFolder="CMake Files\tudat\Tudat\InputOutput\"/>
		</Unit>
		<Unit filename="D:/TUDAT/tudatBundle/tudat/Tudat/Mathematics/CMakeLists.txt">
			<Option virtualFolder="CMake Files\tudat\Tudat\Mathematics\"/>
		</Unit>
		<Unit filename="D:/TUDAT/tudatBundle/tudat/Tudat/Mathematics/BasicMathematics/CMakeLists.txt">
			<Option virtualFolder="CMake Files\tudat\Tudat\Mathematics\BasicMathematics\"/>
		</Unit>
		<Unit filename="D:/TUDAT/tudatBundle/tudat/Tudat/Mathematics/GeometricShapes/CMakeLists.txt">
			<Option virtualFolder="CMake Files\tudat\Tudat\Mathematics\GeometricShapes\"/>
		</Unit>
		<Unit filename="D:/TUDAT/tudatBundle/tudat/Tudat/Mathematics/Interpolators/CMakeLists.txt">
			<Option virtualFolder="CMake Files\tudat\Tudat\Mathematics\Interpolators\"/>
		</Unit>
		<Unit filename="D:/TUDAT/tudatBundle/tudat/Tudat/Mathematics/NumericalIntegrators/CMakeLists.txt">
			<Option virtualFolder="CMake Files\tudat\Tudat\Mathematics\NumericalIntegrators\"/>
		</Unit>
		<Unit filename="D:/TUDAT/tudatBundle/tudat/Tudat/Mathematics/RootFinders/CMakeLists.txt">
			<Option virtualFolder="CMake Files\tudat\Tudat\Mathematics\RootFinders\"/>
		</Unit>
		<Unit filename="D:/TUDAT/tudatBundle/tudat/Tudat/Mathematics/Statistics/CMakeLists.txt">
			<Option virtualFolder="CMake Files\tudat\Tudat\Mathematics\Statistics\"/>
		</Unit>
		<Unit filename="D:/TUDAT/tudatBundle/tudat/Tudat/Mathematics/NumericalQuadrature/CMakeLists.txt">
			<Option virtualFolder="CMake Files\tudat\Tudat\Mathematics\NumericalQuadrature\"/>
		</Unit>
		<Unit filename="D:/TUDAT/tudatBundle/tudat/Tudat/SimulationSetup/CMakeLists.txt">
			<Option virtualFolder="CMake Files\tudat\Tudat\SimulationSetup\"/>
		</Unit>
		<Unit filename="D:/TUDAT/tudatBundle/tudat/Tudat/SimulationSetup/EstimationSetup/CMakeLists.txt">
			<Option virtualFolder="CMake Files\tudat\Tudat\SimulationSetup\EstimationSetup\"/>
		</Unit>
		<Unit filename="D:/TUDAT/tudatBundle/tudat/Tudat/SimulationSetup/EnvironmentSetup/CMakeLists.txt">
			<Option virtualFolder="CMake Files\tudat\Tudat\SimulationSetup\EnvironmentSetup\"/>
		</Unit>
		<Unit filename="D:/TUDAT/tudatBundle/tudat/Tudat/SimulationSetup/PropagationSetup/CMakeLists.txt">
			<Option virtualFolder="CMake Files\tudat\Tudat\SimulationSetup\PropagationSetup\"/>
		</Unit>
		<Unit filename="D:/TUDAT/tudatBundle/tudat/Tudat/JsonInterface/CMakeLists.txt">
			<Option virtualFolder="CMake Files\tudat\Tudat\JsonInterface\"/>
		</Unit>
		<Unit filename="D:/TUDAT/tudatBundle/sofa/src/CMakeLists.txt">
			<Option virtualFolder="CMake Files\sofa\src\"/>
		</Unit>
		<Unit filename="D:/TUDAT/tudatBundle/tudatApplications/TestApp/CMakeLists.txt">
			<Option virtualFolder="CMake Files\tudatApplications\TestApp\"/>
		</Unit>
		<Unit filename="D:/TUDAT/tudatBundle/../build1/json/nlohmann_jsonConfig.cmake">
			<Option virtualFolder="CMake Files\..\build1\json\"/>
		</Unit>
		<Unit filename="D:/TUDAT/tudatBundle/../build1/json/nlohmann_jsonConfigVersion.cmake">
			<Option virtualFolder="CMake Files\..\build1\json\"/>
		</Unit>
		<Unit filename="D:/TUDAT/tudatBundle/../build1/json/nlohmann_jsonTargets.cmake">
			<Option virtualFolder="CMake Files\..\build1\json\"/>
		</Unit>
		<Unit filename="D:/TUDAT/tudatBundle/json/CMakeLists.txt">
			<Option virtualFolder="CMake Files\json\"/>
		</Unit>
		<Unit filename="D:/TUDAT/tudatBundle/json/cmake/config.cmake.in">
			<Option virtualFolder="CMake Files\json\cmake\"/>
		</Unit>
	</Project>
</CodeBlocks_project_file>
